{
  "name": "@shishuranjan/backend-common-validations",
  "version": "2.0.1",
  "lockfileVersion": 3,
  "requires": true,
  "packages": {
    "": {
      "name": "@shishuranjan/backend-common-validations",
      "version": "2.0.1",
      "license": "ISC",
      "dependencies": {
        "@shishuranjan/backend-common-validations": "^2.0.1",
        "zod": "^3.23.8"
      }
    }
    },
    "node_modules/zod": {
      "version": "3.23.8",
      "resolved": "https://registry.npmjs.org/zod/-/zod-3.23.8.tgz",
      "integrity": "sha512-XBx9AXhXktjUqnepgTiE5flcKIYWi/rme0Eaj+5Y0lftuGBq+jyRu/md4WnuxqgP1ubdpNCsYEYPxrzVHD8d6g==",
      "license": "MIT",
      "funding": {
        "url": "https://github.com/sponsors/colinhacks"
      }
    }
  }

